# generated by rye
# use `rye lock` or `rye sync` to update this lockfile
#
# last locked with the following flags:
#   pre: false
#   features: ["media"]
#   all-features: false
#   with-sources: false
#   generate-hashes: false

accelerate==0.33.0
aiohappyeyeballs==2.4.0
    # via aiohttp
aiohttp==3.10.5
    # via datasets
    # via fsspec
    # via instructor
    # via litellm
    # via llama-index-core
    # via llama-index-legacy
aiosignal==1.3.1
    # via aiohttp
annotated-types==0.7.0
    # via pydantic
anthropic==0.28.1
    # via llama-index-llms-anthropic
anyio==4.4.0
    # via anthropic
    # via cloudflare
    # via httpx
    # via jupyter-server
    # via openai
    # via starlette
    # via watchfiles
appnope==0.1.4
    # via ipykernel
argon2-cffi==23.1.0
    # via jupyter-server
argon2-cffi-bindings==21.2.0
    # via argon2-cffi
arrow==1.3.0
    # via isoduration
assemblyai==0.33.0
asttokens==2.4.1
    # via nbdev
    # via stack-data
astunparse==1.6.3
    # via nbdev
async-lru==2.0.4
    # via jupyterlab
async-timeout==4.0.3
    # via aiohttp
    # via asyncpg
asyncpg==0.29.0
    # via llama-index-vector-stores-postgres
attrs==24.2.0
    # via aiohttp
    # via hypothesis
    # via jsonschema
    # via openapi-python-client
    # via referencing
babel==2.16.0
    # via jupyterlab-server
backports-tarfile==1.2.0
    # via jaraco-context
beautifulsoup4==4.12.3
    # via llama-index-readers-file
    # via nbconvert
bleach==6.1.0
    # via nbconvert
boto3==1.35.13
botocore==1.35.13
    # via boto3
    # via s3transfer
cachetools==5.5.0
    # via google-auth
certifi==2024.8.30
    # via httpcore
    # via httpx
    # via requests
cffi==1.17.0
    # via argon2-cffi-bindings
charset-normalizer==3.3.2
    # via requests
click==8.1.7
    # via hatch
    # via litellm
    # via nltk
    # via typer
    # via userpath
    # via uvicorn
cloudflare==3.1.0
    # via cloudflare-python
cloudflare-python==1.0.1
comm==0.2.2
    # via ipykernel
dataclasses-json==0.6.7
    # via llama-index-core
    # via llama-index-legacy
datasets==2.21.0
debugpy==1.8.5
    # via ipykernel
decorator==4.4.2
    # via ipython
    # via moviepy
defusedxml==0.7.1
    # via nbconvert
deprecated==1.2.14
    # via llama-index-core
    # via llama-index-legacy
dill==0.3.8
    # via datasets
    # via multiprocess
dirtyjson==1.0.8
    # via llama-index-core
    # via llama-index-legacy
distlib==0.3.8
    # via virtualenv
distro==1.9.0
    # via anthropic
    # via cloudflare
    # via openai
dnspython==2.6.1
    # via email-validator
docker==7.1.0
    # via testcontainers-core
docstring-parser==0.16
    # via instructor
email-validator==2.2.0
    # via fastapi
exceptiongroup==1.2.2
    # via anyio
    # via hypothesis
    # via ipython
execnb==0.1.6
    # via nbdev
executing==2.0.1
    # via stack-data
fastapi==0.112.2
fastapi-cli==0.0.5
    # via fastapi
fastcore==1.7.1
    # via execnb
    # via ghapi
    # via nbdev
fastjsonschema==2.20.0
    # via nbformat
filelock==3.15.4
    # via datasets
    # via huggingface-hub
    # via torch
    # via virtualenv
fqdn==1.5.1
    # via jsonschema
frozenlist==1.4.1
    # via aiohttp
    # via aiosignal
fsspec==2024.6.1
    # via datasets
    # via huggingface-hub
    # via llama-index-core
    # via llama-index-legacy
    # via torch
ghapi==1.0.5
    # via nbdev
google-auth==2.34.0
    # via anthropic
graphql-core==3.2.3
    # via strawberry-graphql
greenlet==3.0.3
    # via sqlalchemy
h11==0.14.0
    # via httpcore
    # via uvicorn
hatch==1.12.0
hatchling==1.25.0
    # via hatch
httpcore==1.0.5
    # via httpx
httptools==0.6.1
    # via uvicorn
httpx==0.27.2
    # via anthropic
    # via assemblyai
    # via cloudflare
    # via fastapi
    # via hatch
    # via jupyterlab
    # via llama-cloud
    # via llama-index-core
    # via llama-index-legacy
    # via openai
    # via openapi-python-client
huggingface-hub==0.24.6
    # via accelerate
    # via datasets
    # via tokenizers
hyperlink==21.0.0
    # via hatch
hypothesis==6.111.2
idna==3.8
    # via anyio
    # via email-validator
    # via httpx
    # via hyperlink
    # via jsonschema
    # via requests
    # via yarl
imageio==2.35.1
    # via moviepy
imageio-ffmpeg==0.5.1
    # via moviepy
importlib-metadata==8.4.0
    # via keyring
    # via litellm
instructor==1.4.0
ipykernel==6.29.5
    # via jupyterlab
ipython==8.26.0
    # via execnb
    # via ipykernel
isoduration==20.11.0
    # via jsonschema
jaraco-classes==3.4.0
    # via keyring
jaraco-context==6.0.1
    # via keyring
jaraco-functools==4.0.2
    # via keyring
jedi==0.19.1
    # via ipython
jinja2==3.1.4
    # via fastapi
    # via jupyter-server
    # via jupyterlab
    # via jupyterlab-server
    # via litellm
    # via nbconvert
    # via openapi-python-client
    # via torch
jiter==0.4.2
    # via anthropic
    # via instructor
    # via openai
jmespath==1.0.1
    # via boto3
    # via botocore
joblib==1.4.2
    # via nltk
json5==0.9.25
    # via jupyterlab-server
jsonpointer==3.0.0
    # via jsonschema
jsonschema==4.23.0
    # via jupyter-events
    # via jupyterlab-server
    # via litellm
    # via nbformat
jsonschema-specifications==2023.12.1
    # via jsonschema
jupyter-client==8.6.2
    # via ipykernel
    # via jupyter-server
    # via nbclient
jupyter-core==5.7.2
    # via ipykernel
    # via jupyter-client
    # via jupyter-server
    # via jupyterlab
    # via nbclient
    # via nbconvert
    # via nbformat
jupyter-events==0.10.0
    # via jupyter-server
jupyter-lsp==2.2.5
    # via jupyterlab
jupyter-server==2.14.2
    # via jupyter-lsp
    # via jupyterlab
    # via jupyterlab-server
    # via notebook-shim
jupyter-server-terminals==0.5.3
    # via jupyter-server
jupyterlab==4.2.5
jupyterlab-pygments==0.3.0
    # via nbconvert
jupyterlab-server==2.27.3
    # via jupyterlab
keyring==25.3.0
    # via hatch
libcst==1.4.0
    # via strawberry-graphql
litellm==1.44.11
llama-cloud==0.0.15
    # via llama-index-indices-managed-llama-cloud
llama-index==0.11.2
llama-index-agent-openai==0.3.0
    # via llama-index
    # via llama-index-program-openai
llama-index-cli==0.3.0
    # via llama-index
llama-index-core==0.11.3
    # via llama-index
    # via llama-index-agent-openai
    # via llama-index-cli
    # via llama-index-embeddings-openai
    # via llama-index-indices-managed-llama-cloud
    # via llama-index-llms-anthropic
    # via llama-index-llms-openai
    # via llama-index-multi-modal-llms-openai
    # via llama-index-program-openai
    # via llama-index-question-gen-openai
    # via llama-index-readers-database
    # via llama-index-readers-file
    # via llama-index-readers-llama-parse
    # via llama-index-vector-stores-postgres
    # via llama-parse
llama-index-embeddings-openai==0.2.3
    # via llama-index
    # via llama-index-cli
llama-index-indices-managed-llama-cloud==0.3.0
    # via llama-index
llama-index-legacy==0.9.48.post3
    # via llama-index
llama-index-llms-anthropic==0.3.0
llama-index-llms-openai==0.2.0
    # via llama-index
    # via llama-index-agent-openai
    # via llama-index-cli
    # via llama-index-multi-modal-llms-openai
    # via llama-index-program-openai
    # via llama-index-question-gen-openai
llama-index-multi-modal-llms-openai==0.2.0
    # via llama-index
llama-index-program-openai==0.2.0
    # via llama-index
    # via llama-index-question-gen-openai
llama-index-question-gen-openai==0.2.0
    # via llama-index
llama-index-readers-database==0.2.0
llama-index-readers-file==0.2.0
    # via llama-index
llama-index-readers-llama-parse==0.2.0
    # via llama-index
llama-index-vector-stores-postgres==0.2.1
llama-parse==0.5.1
    # via llama-index-readers-llama-parse
markdown-it-py==3.0.0
    # via rich
markupsafe==2.1.5
    # via jinja2
    # via nbconvert
marshmallow==3.22.0
    # via dataclasses-json
matplotlib-inline==0.1.7
    # via ipykernel
    # via ipython
mdurl==0.1.2
    # via markdown-it-py
mistune==3.0.2
    # via nbconvert
more-itertools==10.4.0
    # via jaraco-classes
    # via jaraco-functools
moviepy==1.0.3
mpmath==1.3.0
    # via sympy
multidict==6.0.5
    # via aiohttp
    # via yarl
multiprocess==0.70.16
    # via datasets
mypy-extensions==1.0.0
    # via typing-inspect
nbclient==0.10.0
    # via nbconvert
nbconvert==7.16.4
    # via jupyter-server
nbdev==2.3.28
nbformat==5.10.4
    # via jupyter-server
    # via nbclient
    # via nbconvert
nest-asyncio==1.6.0
    # via ipykernel
    # via llama-index-core
    # via llama-index-legacy
networkx==3.3
    # via llama-index-core
    # via llama-index-legacy
    # via torch
nltk==3.9.1
    # via llama-index
    # via llama-index-core
    # via llama-index-legacy
notebook-shim==0.2.4
    # via jupyterlab
numpy==1.26.4
    # via accelerate
    # via datasets
    # via imageio
    # via llama-index-core
    # via llama-index-legacy
    # via moviepy
    # via pandas
    # via pgvector
    # via pyarrow
    # via seewav
openai==1.43.0
    # via instructor
    # via litellm
    # via llama-index-agent-openai
    # via llama-index-embeddings-openai
    # via llama-index-legacy
    # via llama-index-llms-openai
openapi-python-client==0.21.4
overrides==7.7.0
    # via jupyter-server
packaging==24.1
    # via accelerate
    # via datasets
    # via fastcore
    # via ghapi
    # via hatch
    # via hatchling
    # via huggingface-hub
    # via ipykernel
    # via jupyter-server
    # via jupyterlab
    # via jupyterlab-server
    # via marshmallow
    # via nbconvert
    # via nbdev
pandas==2.2.2
    # via datasets
    # via llama-index-legacy
    # via llama-index-readers-file
pandocfilters==1.5.1
    # via nbconvert
parso==0.8.4
    # via jedi
passlib==1.7.4
pathspec==0.12.1
    # via hatchling
pexpect==4.9.0
    # via hatch
    # via ipython
pgvector==0.2.5
    # via llama-index-vector-stores-postgres
pillow==10.4.0
    # via imageio
    # via llama-index-core
pip==24.2
    # via ghapi
platformdirs==4.2.2
    # via hatch
    # via jupyter-core
    # via virtualenv
pluggy==1.5.0
    # via hatchling
proglog==0.1.10
    # via moviepy
prometheus-client==0.20.0
    # via jupyter-server
prompt-toolkit==3.0.47
    # via ipython
psutil==6.0.0
    # via accelerate
    # via ipykernel
psycopg2==2.9.9
psycopg2-binary==2.9.9
    # via llama-index-vector-stores-postgres
    # via testcontainers-postgres
ptyprocess==0.7.0
    # via pexpect
    # via terminado
pure-eval==0.2.3
    # via stack-data
pyarrow==17.0.0
    # via datasets
pyasn1==0.6.0
    # via pyasn1-modules
    # via rsa
pyasn1-modules==0.4.0
    # via google-auth
pyav==12.3.0
pycairo==1.26.1
    # via seewav
pycparser==2.22
    # via cffi
pydantic==2.8.2
    # via anthropic
    # via assemblyai
    # via cloudflare
    # via fastapi
    # via instructor
    # via litellm
    # via llama-cloud
    # via llama-index-core
    # via openai
    # via openapi-python-client
    # via sqlmodel
pydantic-core==2.20.1
    # via instructor
    # via pydantic
pydub==0.25.1
pygments==2.18.0
    # via ipython
    # via nbconvert
    # via rich
    # via strawberry-graphql
pyjwt==2.9.0
pypdf==4.3.1
    # via llama-index-readers-file
python-dateutil==2.9.0.post0
    # via arrow
    # via botocore
    # via jupyter-client
    # via openapi-python-client
    # via pandas
    # via strawberry-graphql
python-dotenv==1.0.1
    # via litellm
    # via uvicorn
python-json-logger==2.0.7
    # via jupyter-events
python-multipart==0.0.9
    # via fastapi
    # via strawberry-graphql
pytz==2024.1
    # via pandas
pyyaml==6.0.2
    # via accelerate
    # via datasets
    # via huggingface-hub
    # via jupyter-events
    # via libcst
    # via llama-index-core
    # via nbdev
    # via uvicorn
pyzmq==26.2.0
    # via ipykernel
    # via jupyter-client
    # via jupyter-server
referencing==0.35.1
    # via jsonschema
    # via jsonschema-specifications
    # via jupyter-events
regex==2024.7.24
    # via nltk
    # via tiktoken
requests==2.32.3
    # via datasets
    # via docker
    # via huggingface-hub
    # via jupyterlab-server
    # via litellm
    # via llama-index-core
    # via llama-index-legacy
    # via moviepy
    # via tiktoken
rfc3339-validator==0.1.4
    # via jsonschema
    # via jupyter-events
rfc3986-validator==0.1.1
    # via jsonschema
    # via jupyter-events
rich==13.8.0
    # via hatch
    # via instructor
    # via strawberry-graphql
    # via typer
rpds-py==0.20.0
    # via jsonschema
    # via referencing
rsa==4.9
    # via google-auth
ruamel-yaml==0.18.6
    # via openapi-python-client
ruamel-yaml-clib==0.2.8
    # via ruamel-yaml
ruff==0.6.3
    # via openapi-python-client
s3transfer==0.10.2
    # via boto3
safetensors==0.4.4
    # via accelerate
seewav==0.1.0
send2trash==1.8.3
    # via jupyter-server
setuptools==74.0.0
    # via imageio-ffmpeg
    # via jupyterlab
shellingham==1.5.4
    # via hatch
    # via openapi-python-client
    # via typer
six==1.16.0
    # via asttokens
    # via astunparse
    # via bleach
    # via python-dateutil
    # via rfc3339-validator
sniffio==1.3.1
    # via anthropic
    # via anyio
    # via cloudflare
    # via httpx
    # via openai
sortedcontainers==2.4.0
    # via hypothesis
soupsieve==2.6
    # via beautifulsoup4
sqlalchemy==2.0.32
    # via llama-index-core
    # via llama-index-legacy
    # via llama-index-vector-stores-postgres
    # via sqlmodel
    # via testcontainers-postgres
sqlmodel==0.0.21
stack-data==0.6.3
    # via ipython
starlette==0.38.2
    # via fastapi
    # via strawberry-graphql
strawberry-graphql==0.237.3
striprtf==0.0.26
    # via llama-index-readers-file
sympy==1.13.2
    # via torch
tenacity==8.5.0
    # via instructor
    # via llama-index-core
    # via llama-index-legacy
terminado==0.18.1
    # via jupyter-server
    # via jupyter-server-terminals
testcontainers-core==0.0.1rc1
    # via testcontainers-postgres
testcontainers-postgres==0.0.1rc1
tiktoken==0.7.0
    # via litellm
    # via llama-index-core
    # via llama-index-legacy
tinycss2==1.3.0
    # via nbconvert
tokenizers==0.20.0
    # via anthropic
    # via litellm
tomli==2.0.1
    # via hatchling
    # via jupyterlab
tomli-w==1.0.0
    # via hatch
tomlkit==0.12.0
    # via hatch
torch==2.4.0
    # via accelerate
tornado==6.4.1
    # via ipykernel
    # via jupyter-client
    # via jupyter-server
    # via jupyterlab
    # via terminado
tqdm==4.66.5
    # via datasets
    # via huggingface-hub
    # via llama-index-core
    # via moviepy
    # via nltk
    # via openai
    # via proglog
    # via seewav
traitlets==5.14.3
    # via comm
    # via ipykernel
    # via ipython
    # via jupyter-client
    # via jupyter-core
    # via jupyter-events
    # via jupyter-server
    # via jupyterlab
    # via matplotlib-inline
    # via nbclient
    # via nbconvert
    # via nbformat
trove-classifiers==2024.7.2
    # via hatchling
typer==0.12.5
    # via fastapi-cli
    # via instructor
    # via openapi-python-client
    # via strawberry-graphql
types-python-dateutil==2.9.0.20240821
    # via arrow
typing-extensions==4.12.2
    # via anthropic
    # via anyio
    # via assemblyai
    # via async-lru
    # via cloudflare
    # via fastapi
    # via huggingface-hub
    # via ipython
    # via llama-index-core
    # via llama-index-legacy
    # via openai
    # via openapi-python-client
    # via pydantic
    # via pydantic-core
    # via pypdf
    # via sqlalchemy
    # via strawberry-graphql
    # via torch
    # via typer
    # via typing-inspect
    # via uvicorn
typing-inspect==0.9.0
    # via dataclasses-json
    # via llama-index-core
    # via llama-index-legacy
tzdata==2024.1
    # via pandas
uri-template==1.3.0
    # via jsonschema
urllib3==2.2.2
    # via botocore
    # via docker
    # via requests
userpath==1.9.2
    # via hatch
uv==0.4.3
    # via hatch
uvicorn==0.30.6
    # via fastapi
    # via fastapi-cli
    # via strawberry-graphql
uvloop==0.20.0
    # via uvicorn
virtualenv==20.26.3
    # via hatch
watchdog==5.0.0
    # via nbdev
watchfiles==0.24.0
    # via uvicorn
wcwidth==0.2.13
    # via prompt-toolkit
webcolors==24.8.0
    # via jsonschema
webencodings==0.5.1
    # via bleach
    # via tinycss2
websocket-client==1.8.0
    # via jupyter-server
websockets==12.0
    # via assemblyai
    # via uvicorn
wheel==0.44.0
    # via astunparse
wrapt==1.16.0
    # via deprecated
    # via llama-index-core
    # via testcontainers-core
xxhash==3.5.0
    # via datasets
yarl==1.9.4
    # via aiohttp
zipp==3.20.1
    # via importlib-metadata
zstandard==0.23.0
    # via hatch
